
Microsoft Visual Studio Solution File, Format Version 12.00
# Visual Studio Version 16
VisualStudioVersion = 16.0.32510.428
MinimumVisualStudioVersion = 10.0.40219.1
Project("{FAE04EC0-301F-11D3-BF4B-00C04F79EFBC}") = "PensionerDetailModule", "PensionerDetailModule\PensionerDetailModule.csproj", "{0B0102DC-6E23-4CAC-8734-14054F2E984D}"
EndProject
Global
	GlobalSection(SolutionConfigurationPlatforms) = preSolution
		Debug|Any CPU = Debug|Any CPU
		Release|Any CPU = Release|Any CPU
	EndGlobalSection
	GlobalSection(ProjectConfigurationPlatforms) = postSolution
		{0B0102DC-6E23-4CAC-8734-14054F2E984D}.Debug|Any CPU.ActiveCfg = Debug|Any CPU
		{0B0102DC-6E23-4CAC-8734-14054F2E984D}.Debug|Any CPU.Build.0 = Debug|Any CPU
		{0B0102DC-6E23-4CAC-8734-14054F2E984D}.Release|Any CPU.ActiveCfg = Release|Any CPU
		{0B0102DC-6E23-4CAC-8734-14054F2E984D}.Release|Any CPU.Build.0 = Release|Any CPU
	EndGlobalSection
	GlobalSection(SolutionProperties) = preSolution
		HideSolutionNode = FALSE
	EndGlobalSection
	GlobalSection(ExtensibilityGlobals) = postSolution
		SolutionGuid = {CE9B6470-C41D-492B-9DDB-8BA98E978B05}
	EndGlobalSection
EndGlobal
